
Microsoft Visual Studio Solution File, Format Version 12.00
# Visual Studio Version 16
VisualStudioVersion = 16.0.33328.57
MinimumVisualStudioVersion = 10.0.40219.1
Project("{FAE04EC0-301F-11D3-BF4B-00C04F79EFBC}") = "Buttons_Switchers_Hints", "Buttons_Switchers_Hints.csproj", "{C4B28171-66DC-4083-911D-F72137477BB2}"
EndProject
Global
	GlobalSection(SolutionConfigurationPlatforms) = preSolution
		Debug|Any CPU = Debug|Any CPU
		Release|Any CPU = Release|Any CPU
	EndGlobalSection
	GlobalSection(ProjectConfigurationPlatforms) = postSolution
		{C4B28171-66DC-4083-911D-F72137477BB2}.Debug|Any CPU.ActiveCfg = Debug|Any CPU
		{C4B28171-66DC-4083-911D-F72137477BB2}.Debug|Any CPU.Build.0 = Debug|Any CPU
		{C4B28171-66DC-4083-911D-F72137477BB2}.Release|Any CPU.ActiveCfg = Release|Any CPU
		{C4B28171-66DC-4083-911D-F72137477BB2}.Release|Any CPU.Build.0 = Release|Any CPU
	EndGlobalSection
	GlobalSection(SolutionProperties) = preSolution
		HideSolutionNode = FALSE
	EndGlobalSection
	GlobalSection(ExtensibilityGlobals) = postSolution
		SolutionGuid = {AFC4D7B9-8AEE-465F-B3F9-50F62B2B2B83}
	EndGlobalSection
EndGlobal
